// !$*UTF8*$!
{
	archiveVersion = 1;
	classes = {
	};
	objectVersion = 56;
	objects = {

/* Begin PBXBuildFile section */
		E3F819972C82219900B0C1B0 /* AppDelegate.swift in Sources */ = {isa = PBXBuildFile; fileRef = E3F819962C82219900B0C1B0 /* AppDelegate.swift */; };
		E3F819992C82219900B0C1B0 /* SceneDelegate.swift in Sources */ = {isa = PBXBuildFile; fileRef = E3F819982C82219900B0C1B0 /* SceneDelegate.swift */; };
		E3F8199B2C82219900B0C1B0 /* QuestionViewController.swift in Sources */ = {isa = PBXBuildFile; fileRef = E3F8199A2C82219900B0C1B0 /* QuestionViewController.swift */; };
		E3F8199E2C82219900B0C1B0 /* Base in Resources */ = {isa = PBXBuildFile; fileRef = E3F8199D2C82219900B0C1B0 /* Base */; };
		E3F819A02C82219A00B0C1B0 /* Assets.xcassets in Resources */ = {isa = PBXBuildFile; fileRef = E3F8199F2C82219A00B0C1B0 /* Assets.xcassets */; };
		E3F819A32C82219A00B0C1B0 /* Base in Resources */ = {isa = PBXBuildFile; fileRef = E3F819A22C82219A00B0C1B0 /* Base */; };
		E3F819AE2C82219A00B0C1B0 /* Date_Question_AppTests.swift in Sources */ = {isa = PBXBuildFile; fileRef = E3F819AD2C82219A00B0C1B0 /* Date_Question_AppTests.swift */; };
		E3F819B82C82219A00B0C1B0 /* Date_Question_AppUITests.swift in Sources */ = {isa = PBXBuildFile; fileRef = E3F819B72C82219A00B0C1B0 /* Date_Question_AppUITests.swift */; };
		E3F819BA2C82219A00B0C1B0 /* Date_Question_AppUITestsLaunchTests.swift in Sources */ = {isa = PBXBuildFile; fileRef = E3F819B92C82219A00B0C1B0 /* Date_Question_AppUITestsLaunchTests.swift */; };
		E3F819C82C82265700B0C1B0 /* GameTypeViewController.swift in Sources */ = {isa = PBXBuildFile; fileRef = E3F819C72C82265700B0C1B0 /* GameTypeViewController.swift */; };
		E3F819CA2C82266600B0C1B0 /* RegistrationViewController.swift in Sources */ = {isa = PBXBuildFile; fileRef = E3F819C92C82266600B0C1B0 /* RegistrationViewController.swift */; };
		E3F819CD2C8226CE00B0C1B0 /* Questions.swift in Sources */ = {isa = PBXBuildFile; fileRef = E3F819CC2C8226CE00B0C1B0 /* Questions.swift */; };
		E3F819CF2C8227FF00B0C1B0 /* GameType.swift in Sources */ = {isa = PBXBuildFile; fileRef = E3F819CE2C8227FF00B0C1B0 /* GameType.swift */; };
/* End PBXBuildFile section */

/* Begin PBXContainerItemProxy section */
		E3F819AA2C82219A00B0C1B0 /* PBXContainerItemProxy */ = {
			isa = PBXContainerItemProxy;
			containerPortal = E3F8198B2C82219900B0C1B0 /* Project object */;
			proxyType = 1;
			remoteGlobalIDString = E3F819922C82219900B0C1B0;
			remoteInfo = "Date Question App";
		};
		E3F819B42C82219A00B0C1B0 /* PBXContainerItemProxy */ = {
			isa = PBXContainerItemProxy;
			containerPortal = E3F8198B2C82219900B0C1B0 /* Project object */;
			proxyType = 1;
			remoteGlobalIDString = E3F819922C82219900B0C1B0;
			remoteInfo = "Date Question App";
		};
/* End PBXContainerItemProxy section */

/* Begin PBXFileReference section */
		E3F819932C82219900B0C1B0 /* Date Question App.app */ = {isa = PBXFileReference; explicitFileType = wrapper.application; includeInIndex = 0; path = "Date Question App.app"; sourceTree = BUILT_PRODUCTS_DIR; };
		E3F819962C82219900B0C1B0 /* AppDelegate.swift */ = {isa = PBXFileReference; lastKnownFileType = sourcecode.swift; path = AppDelegate.swift; sourceTree = "<group>"; };
		E3F819982C82219900B0C1B0 /* SceneDelegate.swift */ = {isa = PBXFileReference; lastKnownFileType = sourcecode.swift; path = SceneDelegate.swift; sourceTree = "<group>"; };
		E3F8199A2C82219900B0C1B0 /* QuestionViewController.swift */ = {isa = PBXFileReference; lastKnownFileType = sourcecode.swift; path = QuestionViewController.swift; sourceTree = "<group>"; };
		E3F8199D2C82219900B0C1B0 /* Base */ = {isa = PBXFileReference; lastKnownFileType = file.storyboard; name = Base; path = Base.lproj/Main.storyboard; sourceTree = "<group>"; };
		E3F8199F2C82219A00B0C1B0 /* Assets.xcassets */ = {isa = PBXFileReference; lastKnownFileType = folder.assetcatalog; path = Assets.xcassets; sourceTree = "<group>"; };
		E3F819A22C82219A00B0C1B0 /* Base */ = {isa = PBXFileReference; lastKnownFileType = file.storyboard; name = Base; path = Base.lproj/LaunchScreen.storyboard; sourceTree = "<group>"; };
		E3F819A42C82219A00B0C1B0 /* Info.plist */ = {isa = PBXFileReference; lastKnownFileType = text.plist.xml; path = Info.plist; sourceTree = "<group>"; };
		E3F819A92C82219A00B0C1B0 /* Date Question AppTests.xctest */ = {isa = PBXFileReference; explicitFileType = wrapper.cfbundle; includeInIndex = 0; path = "Date Question AppTests.xctest"; sourceTree = BUILT_PRODUCTS_DIR; };
		E3F819AD2C82219A00B0C1B0 /* Date_Question_AppTests.swift */ = {isa = PBXFileReference; lastKnownFileType = sourcecode.swift; path = Date_Question_AppTests.swift; sourceTree = "<group>"; };
		E3F819B32C82219A00B0C1B0 /* Date Question AppUITests.xctest */ = {isa = PBXFileReference; explicitFileType = wrapper.cfbundle; includeInIndex = 0; path = "Date Question AppUITests.xctest"; sourceTree = BUILT_PRODUCTS_DIR; };
		E3F819B72C82219A00B0C1B0 /* Date_Question_AppUITests.swift */ = {isa = PBXFileReference; lastKnownFileType = sourcecode.swift; path = Date_Question_AppUITests.swift; sourceTree = "<group>"; };
		E3F819B92C82219A00B0C1B0 /* Date_Question_AppUITestsLaunchTests.swift */ = {isa = PBXFileReference; lastKnownFileType = sourcecode.swift; path = Date_Question_AppUITestsLaunchTests.swift; sourceTree = "<group>"; };
		E3F819C72C82265700B0C1B0 /* GameTypeViewController.swift */ = {isa = PBXFileReference; lastKnownFileType = sourcecode.swift; path = GameTypeViewController.swift; sourceTree = "<group>"; };
		E3F819C92C82266600B0C1B0 /* RegistrationViewController.swift */ = {isa = PBXFileReference; lastKnownFileType = sourcecode.swift; path = RegistrationViewController.swift; sourceTree = "<group>"; };
		E3F819CC2C8226CE00B0C1B0 /* Questions.swift */ = {isa = PBXFileReference; lastKnownFileType = sourcecode.swift; path = Questions.swift; sourceTree = "<group>"; };
		E3F819CE2C8227FF00B0C1B0 /* GameType.swift */ = {isa = PBXFileReference; lastKnownFileType = sourcecode.swift; path = GameType.swift; sourceTree = "<group>"; };
/* End PBXFileReference section */

/* Begin PBXFrameworksBuildPhase section */
		E3F819902C82219900B0C1B0 /* Frameworks */ = {
			isa = PBXFrameworksBuildPhase;
			buildActionMask = 2147483647;
			files = (
			);
			runOnlyForDeploymentPostprocessing = 0;
		};
		E3F819A62C82219A00B0C1B0 /* Frameworks */ = {
			isa = PBXFrameworksBuildPhase;
			buildActionMask = 2147483647;
			files = (
			);
			runOnlyForDeploymentPostprocessing = 0;
		};
		E3F819B02C82219A00B0C1B0 /* Frameworks */ = {
			isa = PBXFrameworksBuildPhase;
			buildActionMask = 2147483647;
			files = (
			);
			runOnlyForDeploymentPostprocessing = 0;
		};
/* End PBXFrameworksBuildPhase section */

/* Begin PBXGroup section */
		E3F8198A2C82219900B0C1B0 = {
			isa = PBXGroup;
			children = (
				E3F819952C82219900B0C1B0 /* Date Question App */,
				E3F819AC2C82219A00B0C1B0 /* Date Question AppTests */,
				E3F819B62C82219A00B0C1B0 /* Date Question AppUITests */,
				E3F819942C82219900B0C1B0 /* Products */,
			);
			sourceTree = "<group>";
		};
		E3F819942C82219900B0C1B0 /* Products */ = {
			isa = PBXGroup;
			children = (
				E3F819932C82219900B0C1B0 /* Date Question App.app */,
				E3F819A92C82219A00B0C1B0 /* Date Question AppTests.xctest */,
				E3F819B32C82219A00B0C1B0 /* Date Question AppUITests.xctest */,
			);
			name = Products;
			sourceTree = "<group>";
		};
		E3F819952C82219900B0C1B0 /* Date Question App */ = {
			isa = PBXGroup;
			children = (
				E3F819962C82219900B0C1B0 /* AppDelegate.swift */,
				E3F819982C82219900B0C1B0 /* SceneDelegate.swift */,
				E3F819CB2C8226BE00B0C1B0 /* Model */,
				E3F819C62C8221B500B0C1B0 /* Controllers */,
				E3F8199C2C82219900B0C1B0 /* Main.storyboard */,
				E3F8199F2C82219A00B0C1B0 /* Assets.xcassets */,
				E3F819A12C82219A00B0C1B0 /* LaunchScreen.storyboard */,
				E3F819A42C82219A00B0C1B0 /* Info.plist */,
			);
			path = "Date Question App";
			sourceTree = "<group>";
		};
		E3F819AC2C82219A00B0C1B0 /* Date Question AppTests */ = {
			isa = PBXGroup;
			children = (
				E3F819AD2C82219A00B0C1B0 /* Date_Question_AppTests.swift */,
			);
			path = "Date Question AppTests";
			sourceTree = "<group>";
		};
		E3F819B62C82219A00B0C1B0 /* Date Question AppUITests */ = {
			isa = PBXGroup;
			children = (
				E3F819B72C82219A00B0C1B0 /* Date_Question_AppUITests.swift */,
				E3F819B92C82219A00B0C1B0 /* Date_Question_AppUITestsLaunchTests.swift */,
			);
			path = "Date Question AppUITests";
			sourceTree = "<group>";
		};
		E3F819C62C8221B500B0C1B0 /* Controllers */ = {
			isa = PBXGroup;
			children = (
				E3F8199A2C82219900B0C1B0 /* QuestionViewController.swift */,
				E3F819C72C82265700B0C1B0 /* GameTypeViewController.swift */,
				E3F819C92C82266600B0C1B0 /* RegistrationViewController.swift */,
			);
			path = Controllers;
			sourceTree = "<group>";
		};
		E3F819CB2C8226BE00B0C1B0 /* Model */ = {
			isa = PBXGroup;
			children = (
				E3F819CC2C8226CE00B0C1B0 /* Questions.swift */,
				E3F819CE2C8227FF00B0C1B0 /* GameType.swift */,
			);
			path = Model;
			sourceTree = "<group>";
		};
/* End PBXGroup section */

/* Begin PBXNativeTarget section */
		E3F819922C82219900B0C1B0 /* Date Question App */ = {
			isa = PBXNativeTarget;
			buildConfigurationList = E3F819BD2C82219A00B0C1B0 /* Build configuration list for PBXNativeTarget "Date Question App" */;
			buildPhases = (
				E3F8198F2C82219900B0C1B0 /* Sources */,
				E3F819902C82219900B0C1B0 /* Frameworks */,
				E3F819912C82219900B0C1B0 /* Resources */,
			);
			buildRules = (
			);
			dependencies = (
			);
			name = "Date Question App";
			productName = "Date Question App";
			productReference = E3F819932C82219900B0C1B0 /* Date Question App.app */;
			productType = "com.apple.product-type.application";
		};
		E3F819A82C82219A00B0C1B0 /* Date Question AppTests */ = {
			isa = PBXNativeTarget;
			buildConfigurationList = E3F819C02C82219A00B0C1B0 /* Build configuration list for PBXNativeTarget "Date Question AppTests" */;
			buildPhases = (
				E3F819A52C82219A00B0C1B0 /* Sources */,
				E3F819A62C82219A00B0C1B0 /* Frameworks */,
				E3F819A72C82219A00B0C1B0 /* Resources */,
			);
			buildRules = (
			);
			dependencies = (
				E3F819AB2C82219A00B0C1B0 /* PBXTargetDependency */,
			);
			name = "Date Question AppTests";
			productName = "Date Question AppTests";
			productReference = E3F819A92C82219A00B0C1B0 /* Date Question AppTests.xctest */;
			productType = "com.apple.product-type.bundle.unit-test";
		};
		E3F819B22C82219A00B0C1B0 /* Date Question AppUITests */ = {
			isa = PBXNativeTarget;
			buildConfigurationList = E3F819C32C82219A00B0C1B0 /* Build configuration list for PBXNativeTarget "Date Question AppUITests" */;
			buildPhases = (
				E3F819AF2C82219A00B0C1B0 /* Sources */,
				E3F819B02C82219A00B0C1B0 /* Frameworks */,
				E3F819B12C82219A00B0C1B0 /* Resources */,
			);
			buildRules = (
			);
			dependencies = (
				E3F819B52C82219A00B0C1B0 /* PBXTargetDependency */,
			);
			name = "Date Question AppUITests";
			productName = "Date Question AppUITests";
			productReference = E3F819B32C82219A00B0C1B0 /* Date Question AppUITests.xctest */;
			productType = "com.apple.product-type.bundle.ui-testing";
		};
/* End PBXNativeTarget section */

/* Begin PBXProject section */
		E3F8198B2C82219900B0C1B0 /* Project object */ = {
			isa = PBXProject;
			attributes = {
				BuildIndependentTargetsInParallel = 1;
				LastSwiftUpdateCheck = 1540;
				LastUpgradeCheck = 1540;
				TargetAttributes = {
					E3F819922C82219900B0C1B0 = {
						CreatedOnToolsVersion = 15.4;
					};
					E3F819A82C82219A00B0C1B0 = {
						CreatedOnToolsVersion = 15.4;
						TestTargetID = E3F819922C82219900B0C1B0;
					};
					E3F819B22C82219A00B0C1B0 = {
						CreatedOnToolsVersion = 15.4;
						TestTargetID = E3F819922C82219900B0C1B0;
					};
				};
			};
			buildConfigurationList = E3F8198E2C82219900B0C1B0 /* Build configuration list for PBXProject "Date Question App" */;
			compatibilityVersion = "Xcode 14.0";
			developmentRegion = en;
			hasScannedForEncodings = 0;
			knownRegions = (
				en,
				Base,
			);
			mainGroup = E3F8198A2C82219900B0C1B0;
			productRefGroup = E3F819942C82219900B0C1B0 /* Products */;
			projectDirPath = "";
			projectRoot = "";
			targets = (
				E3F819922C82219900B0C1B0 /* Date Question App */,
				E3F819A82C82219A00B0C1B0 /* Date Question AppTests */,
				E3F819B22C82219A00B0C1B0 /* Date Question AppUITests */,
			);
		};
/* End PBXProject section */

/* Begin PBXResourcesBuildPhase section */
		E3F819912C82219900B0C1B0 /* Resources */ = {
			isa = PBXResourcesBuildPhase;
			buildActionMask = 2147483647;
			files = (
				E3F819A02C82219A00B0C1B0 /* Assets.xcassets in Resources */,
				E3F819A32C82219A00B0C1B0 /* Base in Resources */,
				E3F8199E2C82219900B0C1B0 /* Base in Resources */,
			);
			runOnlyForDeploymentPostprocessing = 0;
		};
		E3F819A72C82219A00B0C1B0 /* Resources */ = {
			isa = PBXResourcesBuildPhase;
			buildActionMask = 2147483647;
			files = (
			);
			runOnlyForDeploymentPostprocessing = 0;
		};
		E3F819B12C82219A00B0C1B0 /* Resources */ = {
			isa = PBXResourcesBuildPhase;
			buildActionMask = 2147483647;
			files = (
			);
			runOnlyForDeploymentPostprocessing = 0;
		};
/* End PBXResourcesBuildPhase section */

/* Begin PBXSourcesBuildPhase section */
		E3F8198F2C82219900B0C1B0 /* Sources */ = {
			isa = PBXSourcesBuildPhase;
			buildActionMask = 2147483647;
			files = (
				E3F8199B2C82219900B0C1B0 /* QuestionViewController.swift in Sources */,
				E3F819972C82219900B0C1B0 /* AppDelegate.swift in Sources */,
				E3F819CF2C8227FF00B0C1B0 /* GameType.swift in Sources */,
				E3F819C82C82265700B0C1B0 /* GameTypeViewController.swift in Sources */,
				E3F819CD2C8226CE00B0C1B0 /* Questions.swift in Sources */,
				E3F819992C82219900B0C1B0 /* SceneDelegate.swift in Sources */,
				E3F819CA2C82266600B0C1B0 /* RegistrationViewController.swift in Sources */,
			);
			runOnlyForDeploymentPostprocessing = 0;
		};
		E3F819A52C82219A00B0C1B0 /* Sources */ = {
			isa = PBXSourcesBuildPhase;
			buildActionMask = 2147483647;
			files = (
				E3F819AE2C82219A00B0C1B0 /* Date_Question_AppTests.swift in Sources */,
			);
			runOnlyForDeploymentPostprocessing = 0;
		};
		E3F819AF2C82219A00B0C1B0 /* Sources */ = {
			isa = PBXSourcesBuildPhase;
			buildActionMask = 2147483647;
			files = (
				E3F819BA2C82219A00B0C1B0 /* Date_Question_AppUITestsLaunchTests.swift in Sources */,
				E3F819B82C82219A00B0C1B0 /* Date_Question_AppUITests.swift in Sources */,
			);
			runOnlyForDeploymentPostprocessing = 0;
		};
/* End PBXSourcesBuildPhase section */

/* Begin PBXTargetDependency section */
		E3F819AB2C82219A00B0C1B0 /* PBXTargetDependency */ = {
			isa = PBXTargetDependency;
			target = E3F819922C82219900B0C1B0 /* Date Question App */;
			targetProxy = E3F819AA2C82219A00B0C1B0 /* PBXContainerItemProxy */;
		};
		E3F819B52C82219A00B0C1B0 /* PBXTargetDependency */ = {
			isa = PBXTargetDependency;
			target = E3F819922C82219900B0C1B0 /* Date Question App */;
			targetProxy = E3F819B42C82219A00B0C1B0 /* PBXContainerItemProxy */;
		};
/* End PBXTargetDependency section */

/* Begin PBXVariantGroup section */
		E3F8199C2C82219900B0C1B0 /* Main.storyboard */ = {
			isa = PBXVariantGroup;
			children = (
				E3F8199D2C82219900B0C1B0 /* Base */,
			);
			name = Main.storyboard;
			sourceTree = "<group>";
		};
		E3F819A12C82219A00B0C1B0 /* LaunchScreen.storyboard */ = {
			isa = PBXVariantGroup;
			children = (
				E3F819A22C82219A00B0C1B0 /* Base */,
			);
			name = LaunchScreen.storyboard;
			sourceTree = "<group>";
		};
/* End PBXVariantGroup section */

/* Begin XCBuildConfiguration section */
		E3F819BB2C82219A00B0C1B0 /* Debug */ = {
			isa = XCBuildConfiguration;
			buildSettings = {
				ALWAYS_SEARCH_USER_PATHS = NO;
				ASSETCATALOG_COMPILER_GENERATE_SWIFT_ASSET_SYMBOL_EXTENSIONS = YES;
				CLANG_ANALYZER_NONNULL = YES;
				CLANG_ANALYZER_NUMBER_OBJECT_CONVERSION = YES_AGGRESSIVE;
				CLANG_CXX_LANGUAGE_STANDARD = "gnu++20";
				CLANG_ENABLE_MODULES = YES;
				CLANG_ENABLE_OBJC_ARC = YES;
				CLANG_ENABLE_OBJC_WEAK = YES;
				CLANG_WARN_BLOCK_CAPTURE_AUTORELEASING = YES;
				CLANG_WARN_BOOL_CONVERSION = YES;
				CLANG_WARN_COMMA = YES;
				CLANG_WARN_CONSTANT_CONVERSION = YES;
				CLANG_WARN_DEPRECATED_OBJC_IMPLEMENTATIONS = YES;
				CLANG_WARN_DIRECT_OBJC_ISA_USAGE = YES_ERROR;
				CLANG_WARN_DOCUMENTATION_COMMENTS = YES;
				CLANG_WARN_EMPTY_BODY = YES;
				CLANG_WARN_ENUM_CONVERSION = YES;
				CLANG_WARN_INFINITE_RECURSION = YES;
				CLANG_WARN_INT_CONVERSION = YES;
				CLANG_WARN_NON_LITERAL_NULL_CONVERSION = YES;
				CLANG_WARN_OBJC_IMPLICIT_RETAIN_SELF = YES;
				CLANG_WARN_OBJC_LITERAL_CONVERSION = YES;
				CLANG_WARN_OBJC_ROOT_CLASS = YES_ERROR;
				CLANG_WARN_QUOTED_INCLUDE_IN_FRAMEWORK_HEADER = YES;
				CLANG_WARN_RANGE_LOOP_ANALYSIS = YES;
				CLANG_WARN_STRICT_PROTOTYPES = YES;
				CLANG_WARN_SUSPICIOUS_MOVE = YES;
				CLANG_WARN_UNGUARDED_AVAILABILITY = YES_AGGRESSIVE;
				CLANG_WARN_UNREACHABLE_CODE = YES;
				CLANG_WARN__DUPLICATE_METHOD_MATCH = YES;
				COPY_PHASE_STRIP = NO;
				DEBUG_INFORMATION_FORMAT = dwarf;
				ENABLE_STRICT_OBJC_MSGSEND = YES;
				ENABLE_TESTABILITY = YES;
				ENABLE_USER_SCRIPT_SANDBOXING = YES;
				GCC_C_LANGUAGE_STANDARD = gnu17;
				GCC_DYNAMIC_NO_PIC = NO;
				GCC_NO_COMMON_BLOCKS = YES;
				GCC_OPTIMIZATION_LEVEL = 0;
				GCC_PREPROCESSOR_DEFINITIONS = (
					"DEBUG=1",
					"$(inherited)",
				);
				GCC_WARN_64_TO_32_BIT_CONVERSION = YES;
				GCC_WARN_ABOUT_RETURN_TYPE = YES_ERROR;
				GCC_WARN_UNDECLARED_SELECTOR = YES;
				GCC_WARN_UNINITIALIZED_AUTOS = YES_AGGRESSIVE;
				GCC_WARN_UNUSED_FUNCTION = YES;
				GCC_WARN_UNUSED_VARIABLE = YES;
				IPHONEOS_DEPLOYMENT_TARGET = 17.5;
				LOCALIZATION_PREFERS_STRING_CATALOGS = YES;
				MTL_ENABLE_DEBUG_INFO = INCLUDE_SOURCE;
				MTL_FAST_MATH = YES;
				ONLY_ACTIVE_ARCH = YES;
				SDKROOT = iphoneos;
				SWIFT_ACTIVE_COMPILATION_CONDITIONS = "DEBUG $(inherited)";
				SWIFT_OPTIMIZATION_LEVEL = "-Onone";
			};
			name = Debug;
		};
		E3F819BC2C82219A00B0C1B0 /* Release */ = {
			isa = XCBuildConfiguration;
			buildSettings = {
				ALWAYS_SEARCH_USER_PATHS = NO;
				ASSETCATALOG_COMPILER_GENERATE_SWIFT_ASSET_SYMBOL_EXTENSIONS = YES;
				CLANG_ANALYZER_NONNULL = YES;
				CLANG_ANALYZER_NUMBER_OBJECT_CONVERSION = YES_AGGRESSIVE;
				CLANG_CXX_LANGUAGE_STANDARD = "gnu++20";
				CLANG_ENABLE_MODULES = YES;
				CLANG_ENABLE_OBJC_ARC = YES;
				CLANG_ENABLE_OBJC_WEAK = YES;
				CLANG_WARN_BLOCK_CAPTURE_AUTORELEASING = YES;
				CLANG_WARN_BOOL_CONVERSION = YES;
				CLANG_WARN_COMMA = YES;
				CLANG_WARN_CONSTANT_CONVERSION = YES;
				CLANG_WARN_DEPRECATED_OBJC_IMPLEMENTATIONS = YES;
				CLANG_WARN_DIRECT_OBJC_ISA_USAGE = YES_ERROR;
				CLANG_WARN_DOCUMENTATION_COMMENTS = YES;
				CLANG_WARN_EMPTY_BODY = YES;
				CLANG_WARN_ENUM_CONVERSION = YES;
				CLANG_WARN_INFINITE_RECURSION = YES;
				CLANG_WARN_INT_CONVERSION = YES;
				CLANG_WARN_NON_LITERAL_NULL_CONVERSION = YES;
				CLANG_WARN_OBJC_IMPLICIT_RETAIN_SELF = YES;
				CLANG_WARN_OBJC_LITERAL_CONVERSION = YES;
				CLANG_WARN_OBJC_ROOT_CLASS = YES_ERROR;
				CLANG_WARN_QUOTED_INCLUDE_IN_FRAMEWORK_HEADER = YES;
				CLANG_WARN_RANGE_LOOP_ANALYSIS = YES;
				CLANG_WARN_STRICT_PROTOTYPES = YES;
				CLANG_WARN_SUSPICIOUS_MOVE = YES;
				CLANG_WARN_UNGUARDED_AVAILABILITY = YES_AGGRESSIVE;
				CLANG_WARN_UNREACHABLE_CODE = YES;
				CLANG_WARN__DUPLICATE_METHOD_MATCH = YES;
				COPY_PHASE_STRIP = NO;
				DEBUG_INFORMATION_FORMAT = "dwarf-with-dsym";
				ENABLE_NS_ASSERTIONS = NO;
				ENABLE_STRICT_OBJC_MSGSEND = YES;
				ENABLE_USER_SCRIPT_SANDBOXING = YES;
				GCC_C_LANGUAGE_STANDARD = gnu17;
				GCC_NO_COMMON_BLOCKS = YES;
				GCC_WARN_64_TO_32_BIT_CONVERSION = YES;
				GCC_WARN_ABOUT_RETURN_TYPE = YES_ERROR;
				GCC_WARN_UNDECLARED_SELECTOR = YES;
				GCC_WARN_UNINITIALIZED_AUTOS = YES_AGGRESSIVE;
				GCC_WARN_UNUSED_FUNCTION = YES;
				GCC_WARN_UNUSED_VARIABLE = YES;
				IPHONEOS_DEPLOYMENT_TARGET = 17.5;
				LOCALIZATION_PREFERS_STRING_CATALOGS = YES;
				MTL_ENABLE_DEBUG_INFO = NO;
				MTL_FAST_MATH = YES;
				SDKROOT = iphoneos;
				SWIFT_COMPILATION_MODE = wholemodule;
				VALIDATE_PRODUCT = YES;
			};
			name = Release;
		};
		E3F819BE2C82219A00B0C1B0 /* Debug */ = {
			isa = XCBuildConfiguration;
			buildSettings = {
				ASSETCATALOG_COMPILER_APPICON_NAME = AppIcon;
				ASSETCATALOG_COMPILER_GLOBAL_ACCENT_COLOR_NAME = AccentColor;
				CODE_SIGN_STYLE = Automatic;
				CURRENT_PROJECT_VERSION = 1;
				DEVELOPMENT_TEAM = VL29A4FUA4;
				GENERATE_INFOPLIST_FILE = YES;
				INFOPLIST_FILE = "Date Question App/Info.plist";
				INFOPLIST_KEY_UIApplicationSupportsIndirectInputEvents = YES;
				INFOPLIST_KEY_UILaunchStoryboardName = LaunchScreen;
				INFOPLIST_KEY_UIMainStoryboardFile = Main;
				INFOPLIST_KEY_UISupportedInterfaceOrientations_iPad = "UIInterfaceOrientationPortrait UIInterfaceOrientationPortraitUpsideDown UIInterfaceOrientationLandscapeLeft UIInterfaceOrientationLandscapeRight";
				INFOPLIST_KEY_UISupportedInterfaceOrientations_iPhone = "UIInterfaceOrientationPortrait UIInterfaceOrientationLandscapeLeft UIInterfaceOrientationLandscapeRight";
				LD_RUNPATH_SEARCH_PATHS = (
					"$(inherited)",
					"@executable_path/Frameworks",
				);
				MARKETING_VERSION = 1.0;
				PRODUCT_BUNDLE_IDENTIFIER = "ru.praktikum.Tracker.Date-Question-App";
				PRODUCT_NAME = "$(TARGET_NAME)";
				SWIFT_EMIT_LOC_STRINGS = YES;
				SWIFT_VERSION = 5.0;
				TARGETED_DEVICE_FAMILY = "1,2";
			};
			name = Debug;
		};
		E3F819BF2C82219A00B0C1B0 /* Release */ = {
			isa = XCBuildConfiguration;
			buildSettings = {
				ASSETCATALOG_COMPILER_APPICON_NAME = AppIcon;
				ASSETCATALOG_COMPILER_GLOBAL_ACCENT_COLOR_NAME = AccentColor;
				CODE_SIGN_STYLE = Automatic;
				CURRENT_PROJECT_VERSION = 1;
				DEVELOPMENT_TEAM = VL29A4FUA4;
				GENERATE_INFOPLIST_FILE = YES;
				INFOPLIST_FILE = "Date Question App/Info.plist";
				INFOPLIST_KEY_UIApplicationSupportsIndirectInputEvents = YES;
				INFOPLIST_KEY_UILaunchStoryboardName = LaunchScreen;
				INFOPLIST_KEY_UIMainStoryboardFile = Main;
				INFOPLIST_KEY_UISupportedInterfaceOrientations_iPad = "UIInterfaceOrientationPortrait UIInterfaceOrientationPortraitUpsideDown UIInterfaceOrientationLandscapeLeft UIInterfaceOrientationLandscapeRight";
				INFOPLIST_KEY_UISupportedInterfaceOrientations_iPhone = "UIInterfaceOrientationPortrait UIInterfaceOrientationLandscapeLeft UIInterfaceOrientationLandscapeRight";
				LD_RUNPATH_SEARCH_PATHS = (
					"$(inherited)",
					"@executable_path/Frameworks",
				);
				MARKETING_VERSION = 1.0;
				PRODUCT_BUNDLE_IDENTIFIER = "ru.praktikum.Tracker.Date-Question-App";
				PRODUCT_NAME = "$(TARGET_NAME)";
				SWIFT_EMIT_LOC_STRINGS = YES;
				SWIFT_VERSION = 5.0;
				TARGETED_DEVICE_FAMILY = "1,2";
			};
			name = Release;
		};
		E3F819C12C82219A00B0C1B0 /* Debug */ = {
			isa = XCBuildConfiguration;
			buildSettings = {
				ALWAYS_EMBED_SWIFT_STANDARD_LIBRARIES = YES;
				BUNDLE_LOADER = "$(TEST_HOST)";
				CODE_SIGN_STYLE = Automatic;
				CURRENT_PROJECT_VERSION = 1;
				DEVELOPMENT_TEAM = VL29A4FUA4;
				GENERATE_INFOPLIST_FILE = YES;
				IPHONEOS_DEPLOYMENT_TARGET = 17.5;
				MARKETING_VERSION = 1.0;
				PRODUCT_BUNDLE_IDENTIFIER = "ru.praktikum.Tracker.Date-Question-AppTests";
				PRODUCT_NAME = "$(TARGET_NAME)";
				SWIFT_EMIT_LOC_STRINGS = NO;
				SWIFT_VERSION = 5.0;
				TARGETED_DEVICE_FAMILY = "1,2";
				TEST_HOST = "$(BUILT_PRODUCTS_DIR)/Date Question App.app/$(BUNDLE_EXECUTABLE_FOLDER_PATH)/Date Question App";
			};
			name = Debug;
		};
		E3F819C22C82219A00B0C1B0 /* Release */ = {
			isa = XCBuildConfiguration;
			buildSettings = {
				ALWAYS_EMBED_SWIFT_STANDARD_LIBRARIES = YES;
				BUNDLE_LOADER = "$(TEST_HOST)";
				CODE_SIGN_STYLE = Automatic;
				CURRENT_PROJECT_VERSION = 1;
				DEVELOPMENT_TEAM = VL29A4FUA4;
				GENERATE_INFOPLIST_FILE = YES;
				IPHONEOS_DEPLOYMENT_TARGET = 17.5;
				MARKETING_VERSION = 1.0;
				PRODUCT_BUNDLE_IDENTIFIER = "ru.praktikum.Tracker.Date-Question-AppTests";
				PRODUCT_NAME = "$(TARGET_NAME)";
				SWIFT_EMIT_LOC_STRINGS = NO;
				SWIFT_VERSION = 5.0;
				TARGETED_DEVICE_FAMILY = "1,2";
				TEST_HOST = "$(BUILT_PRODUCTS_DIR)/Date Question App.app/$(BUNDLE_EXECUTABLE_FOLDER_PATH)/Date Question App";
			};
			name = Release;
		};
		E3F819C42C82219A00B0C1B0 /* Debug */ = {
			isa = XCBuildConfiguration;
			buildSettings = {
				ALWAYS_EMBED_SWIFT_STANDARD_LIBRARIES = YES;
				CODE_SIGN_STYLE = Automatic;
				CURRENT_PROJECT_VERSION = 1;
				DEVELOPMENT_TEAM = VL29A4FUA4;
				GENERATE_INFOPLIST_FILE = YES;
				MARKETING_VERSION = 1.0;
				PRODUCT_BUNDLE_IDENTIFIER = "ru.praktikum.Tracker.Date-Question-AppUITests";
				PRODUCT_NAME = "$(TARGET_NAME)";
				SWIFT_EMIT_LOC_STRINGS = NO;
				SWIFT_VERSION = 5.0;
				TARGETED_DEVICE_FAMILY = "1,2";
				TEST_TARGET_NAME = "Date Question App";
			};
			name = Debug;
		};
		E3F819C52C82219A00B0C1B0 /* Release */ = {
			isa = XCBuildConfiguration;
			buildSettings = {
				ALWAYS_EMBED_SWIFT_STANDARD_LIBRARIES = YES;
				CODE_SIGN_STYLE = Automatic;
				CURRENT_PROJECT_VERSION = 1;
				DEVELOPMENT_TEAM = VL29A4FUA4;
				GENERATE_INFOPLIST_FILE = YES;
				MARKETING_VERSION = 1.0;
				PRODUCT_BUNDLE_IDENTIFIER = "ru.praktikum.Tracker.Date-Question-AppUITests";
				PRODUCT_NAME = "$(TARGET_NAME)";
				SWIFT_EMIT_LOC_STRINGS = NO;
				SWIFT_VERSION = 5.0;
				TARGETED_DEVICE_FAMILY = "1,2";
				TEST_TARGET_NAME = "Date Question App";
			};
			name = Release;
		};
/* End XCBuildConfiguration section */

/* Begin XCConfigurationList section */
		E3F8198E2C82219900B0C1B0 /* Build configuration list for PBXProject "Date Question App" */ = {
			isa = XCConfigurationList;
			buildConfigurations = (
				E3F819BB2C82219A00B0C1B0 /* Debug */,
				E3F819BC2C82219A00B0C1B0 /* Release */,
			);
			defaultConfigurationIsVisible = 0;
			defaultConfigurationName = Release;
		};
		E3F819BD2C82219A00B0C1B0 /* Build configuration list for PBXNativeTarget "Date Question App" */ = {
			isa = XCConfigurationList;
			buildConfigurations = (
				E3F819BE2C82219A00B0C1B0 /* Debug */,
				E3F819BF2C82219A00B0C1B0 /* Release */,
			);
			defaultConfigurationIsVisible = 0;
			defaultConfigurationName = Release;
		};
		E3F819C02C82219A00B0C1B0 /* Build configuration list for PBXNativeTarget "Date Question AppTests" */ = {
			isa = XCConfigurationList;
			buildConfigurations = (
				E3F819C12C82219A00B0C1B0 /* Debug */,
				E3F819C22C82219A00B0C1B0 /* Release */,
			);
			defaultConfigurationIsVisible = 0;
			defaultConfigurationName = Release;
		};
		E3F819C32C82219A00B0C1B0 /* Build configuration list for PBXNativeTarget "Date Question AppUITests" */ = {
			isa = XCConfigurationList;
			buildConfigurations = (
				E3F819C42C82219A00B0C1B0 /* Debug */,
				E3F819C52C82219A00B0C1B0 /* Release */,
			);
			defaultConfigurationIsVisible = 0;
			defaultConfigurationName = Release;
		};
/* End XCConfigurationList section */
	};
	rootObject = E3F8198B2C82219900B0C1B0 /* Project object */;
}
